{
  "version": 1,
  "dependencies": {
    "net10.0-windows7.0": {
      "CommunityToolkit.Mvvm": {
        "type": "Direct",
        "requested": "[8.4.2, )",
        "resolved": "8.4.2",
        "contentHash": "WadCzGEc2U+3e20avRLng4qNtt4zoOGWrdUISqJWrHe3/FSnrYjuM5Sb4yQb09LhkBXrrI4Zt3dLKgRMbItsrg=="
      },
      "H.NotifyIcon.Wpf": {
        "type": "Direct",
        "requested": "[2.4.1, )",
        "resolved": "2.4.1",
        "contentHash": "aDfDSHCCOWgQoIvAApiog/MhriXibacqANQm+b5GaRCgRg92u5J2QcoW2C+wIblgxhtGx3o32/DCKWRR5C/KLw==",
        "dependencies": {
          "H.NotifyIcon": "2.4.1"
        }
      },
      "LibVLCSharp.WPF": {
        "type": "Direct",
        "requested": "[3.10.0, )",
        "resolved": "3.10.0",
        "contentHash": "W7MFdY0QZBhATS3ZIMZSY1UYV6MqDxb+GibNzT3AzKNzDQX2Kzf27OZA5B0gA7fa2FYq79P7Jvlvdbbygis63g==",
        "dependencies": {
          "LibVLCSharp": "3.10.0"
        }
      },
      "Microsoft.Extensions.Logging": {
        "type": "Direct",
        "requested": "[10.0.0, )",
        "resolved": "10.0.0",
        "contentHash": "BStFkd5CcnEtarlcgYDBcFzGYCuuNMzPs02wN3WBsOFoYIEmYoUdAiU+au6opzoqfTYJsMTW00AeqDdnXH2CvA==",
        "dependencies": {
          "Microsoft.Extensions.DependencyInjection": "10.0.0",
          "Microsoft.Extensions.Logging.Abstractions": "10.0.0",
          "Microsoft.Extensions.Options": "10.0.0"
        }
      },
      "NuGet.Versioning": {
        "type": "Direct",
        "requested": "[7.6.0, )",
        "resolved": "7.6.0",
        "contentHash": "TpZxfOoQBQk/0r/2uc1A1qNYIKHkJGgOrWP+ax3nsNAUN/1BOQMDrgmGADogSA4hOXH1ZJiyeYg4Ca+vUW0sEg=="
      },
      "Velopack": {
        "type": "Direct",
        "requested": "[1.2.0, )",
        "resolved": "1.2.0",
        "contentHash": "Rz67gJL619fSBS6omaSINUxyDuwhIxkm5mmubf7uLd5Qgi6LLKaKCha+QFP6n+Bw/UjA0vutnH4JQfYzn6ANtw=="
      },
      "VideoLAN.LibVLC.Windows": {
        "type": "Direct",
        "requested": "[3.0.23.1, )",
        "resolved": "3.0.23.1",
        "contentHash": "yTGNrzj+Q/t72VNKK0d64jZ+8BGu5Vcp2nxpZ2ll350LkRWKSwqShGpZWcVxXVP8TiMbeGML09+Jzz3hNsIcqA=="
      },
      "Dapper": {
        "type": "Transitive",
        "resolved": "2.1.79",
        "contentHash": "8YijbzgTfmqmQOnVNorYM6K++pxqnW3nJ4aC1sRHzxUA2CcuoJ9gsTem3kgBnPRMc38zZHl4Esb6hAezXIEEuw=="
      },
      "FluentMigrator": {
        "type": "Transitive",
        "resolved": "8.0.1",
        "contentHash": "vQqkf3gvNhofqKtsy0G9muWdleojsGpze180u/Z9kd2UPwR66lS5xGj8VV0SPlGeCpOYx1zYgaURvpamVzHQ3g==",
        "dependencies": {
          "FluentMigrator.Abstractions": "8.0.1",
          "Microsoft.Extensions.DependencyInjection": "8.0.0",
          "Microsoft.Extensions.Options": "8.0.0"
        }
      },
      "FluentMigrator.Abstractions": {
        "type": "Transitive",
        "resolved": "8.0.1",
        "contentHash": "IQwT2rHWECap1pn7zBOwk6Q1qFkrqwxUMIBAp9jouv1PgsNlxGUhHcuCUYIuwnImgxxvCEkwcRRZIkIZT50/9w==",
        "dependencies": {
          "System.ComponentModel.Annotations": "5.0.0",
          "System.ValueTuple": "4.6.1"
        }
      },
      "FluentMigrator.Runner.Core": {
        "type": "Transitive",
        "resolved": "8.0.1",
        "contentHash": "GcG/GZhgjYcl04HrfLchUE9s+Uy9o6CJmDpJBK6yJ+TYLhAYhbq9sDzsoShzBhKlmhekQ/D+y9wtislcMXTRAA==",
        "dependencies": {
          "FluentMigrator": "8.0.1",
          "FluentMigrator.Abstractions": "8.0.1",
          "Microsoft.Extensions.Configuration.Abstractions": "8.0.0",
          "Microsoft.Extensions.DependencyInjection": "8.0.0",
          "Microsoft.Extensions.Logging": "8.0.0",
          "Microsoft.Extensions.Options": "8.0.0"
        }
      },
      "FluentMigrator.Runner.SQLite": {
        "type": "Transitive",
        "resolved": "8.0.1",
        "contentHash": "NkGxuI6UQa19IF0nK9OuG4wubo5OREPsE+V+FS9Ydi4/kkpojgXcbC//b9sH8mr2ed0RwHqcqaMiDTKd7w4pQA==",
        "dependencies": {
          "FluentMigrator": "8.0.1",
          "FluentMigrator.Runner.Core": "8.0.1"
        }
      },
      "H.GeneratedIcons.System.Drawing": {
        "type": "Transitive",
        "resolved": "2.4.1",
        "contentHash": "gjYhuwHQzISqKhcNYaRdDhzKCoqLZii+6TTHP0MQf4Q9+H6z4f4A5Xu/j8B8XpFPQ1grCMlQYREvNyNJT9Q/Bg=="
      },
      "H.NotifyIcon": {
        "type": "Transitive",
        "resolved": "2.4.1",
        "contentHash": "nNPgNzo5UHcWYpVLO3AsRlH8fKE9shBA7/WLpZrFZUFbzpKGcLnz15Kmg0pQ851aboAfm3YuHjYFsYQges/pyw==",
        "dependencies": {
          "H.GeneratedIcons.System.Drawing": "2.4.1"
        }
      },
      "LibVLCSharp": {
        "type": "Transitive",
        "resolved": "3.10.0",
        "contentHash": "VHuOfq8Xtb/lNz0asvCm5qDjgTmfB3m3lC40Dz9iH9oL3DM0fSXHjZaLxdtYVr5nsldJoh5BTeG8MtODprhC9Q=="
      },
      "Microsoft.Data.Sqlite": {
        "type": "Transitive",
        "resolved": "10.0.9",
        "contentHash": "/eBwiZPcNisn0qZX+Zk4YCftlK/vnoWqv7hHnmSk8MjPxFdYYkmPObpogT0MfCCWN6oAIZnMCo0SoOtZlbbmgQ==",
        "dependencies": {
          "Microsoft.Data.Sqlite.Core": "10.0.9",
          "SQLitePCLRaw.bundle_e_sqlite3": "2.1.11",
          "SQLitePCLRaw.core": "2.1.11"
        }
      },
      "Microsoft.Data.Sqlite.Core": {
        "type": "Transitive",
        "resolved": "10.0.9",
        "contentHash": "iZrONyMKPjxfVZnUktqO30QjzNwAGH+AxM61s8lKQnVhgbQ3bn0hiXI129ZmVicEbIcwljyy2OVsIYUR51ZHKQ==",
        "dependencies": {
          "SQLitePCLRaw.core": "2.1.11"
        }
      },
      "Microsoft.Extensions.Configuration.Abstractions": {
        "type": "Transitive",
        "resolved": "8.0.0",
        "contentHash": "3lE/iLSutpgX1CC0NOW70FJoGARRHbyKmG7dc0klnUZ9Dd9hS6N/POPWhKhMLCEuNN5nXEY5agmlFtH562vqhQ==",
        "dependencies": {
          "Microsoft.Extensions.Primitives": "8.0.0"
        }
      },
      "Microsoft.Extensions.DependencyInjection": {
        "type": "Transitive",
        "resolved": "10.0.9",
        "contentHash": "NijozhERJDIaJ4k5TSMy1jOi0cSC2HfkvRD/Sl+kGSSKgVbFnF4GxgtMN/MrzHB8D1JxIrD4xSer9Blh9v3axQ==",
        "dependencies": {
          "Microsoft.Extensions.DependencyInjection.Abstractions": "10.0.9"
        }
      },
      "Microsoft.Extensions.DependencyInjection.Abstractions": {
        "type": "Transitive",
        "resolved": "10.0.9",
        "contentHash": "g41l/30G3K4B/d/L8kjux0+30e27c8D0FVQ/PFCpbekgfDpj9mnDhieP67EqXWvl1EWNeZh2rpR4F5B/jcDOHA=="
      },
      "Microsoft.Extensions.Logging.Abstractions": {
        "type": "Transitive",
        "resolved": "10.0.0",
        "contentHash": "FU/IfjDfwaMuKr414SSQNTIti/69bHEMb+QKrskRb26oVqpx3lNFXMjs/RC9ZUuhBhcwDM2BwOgoMw+PZ+beqQ==",
        "dependencies": {
          "Microsoft.Extensions.DependencyInjection.Abstractions": "10.0.0"
        }
      },
      "Microsoft.Extensions.Options": {
        "type": "Transitive",
        "resolved": "10.0.0",
        "contentHash": "8oCAgXOow5XDrY9HaXX1QmH3ORsyZO/ANVHBlhLyCeWTH5Sg4UuqZeOTWJi6484M+LqSx0RqQXDJtdYy2BNiLQ==",
        "dependencies": {
          "Microsoft.Extensions.DependencyInjection.Abstractions": "10.0.0",
          "Microsoft.Extensions.Primitives": "10.0.0"
        }
      },
      "Microsoft.Extensions.Primitives": {
        "type": "Transitive",
        "resolved": "10.0.0",
        "contentHash": "inRnbpCS0nwO/RuoZIAqxQUuyjaknOOnCEZB55KSMMjRhl0RQDttSmLSGsUJN3RQ3ocf5NDLFd2mOQViHqMK5w=="
      },
      "NAudio.Core": {
        "type": "Transitive",
        "resolved": "2.3.0",
        "contentHash": "jMd7r6dB6tAtXhOYL58ntPqwERNm1/Rhw5MKOIYvsnXzuX+PTGsa2VMam6n0npZYSwlSidKa4GAm4bFcXFUlcg=="
      },
      "NAudio.Wasapi": {
        "type": "Transitive",
        "resolved": "2.3.0",
        "contentHash": "y5K2BxrLnvohgu5znzg5wRsai3YcuNXfrpo68i7PmCQqpK5MC/R24e5aO3OyN/XhfRr12e0QYV0OnUWEHi5SzA==",
        "dependencies": {
          "NAudio.Core": "2.3.0"
        }
      },
      "SourceGear.sqlite3": {
        "type": "Transitive",
        "resolved": "3.53.3",
        "contentHash": "PaDT7JwQ00HmXZT1xSGSC0c24A5lVpJYHMrXBuJATdpB2t0nf4Kq9HyPaZhxVW0elPq4XI1s5BLh7qLuObmzFA=="
      },
      "SQLitePCLRaw.bundle_e_sqlite3": {
        "type": "Transitive",
        "resolved": "3.0.4",
        "contentHash": "gg8vENKV/o0pWLI0eJxnTA4X9e63rOvzkCDMAOePDGLieNSHPCGUiJ4CQDqDyNqIf6IPVzD4TOjqY5ACygZkkA==",
        "dependencies": {
          "SQLitePCLRaw.config.e_sqlite3": "3.0.4",
          "SourceGear.sqlite3": "3.53.3"
        }
      },
      "SQLitePCLRaw.config.e_sqlite3": {
        "type": "Transitive",
        "resolved": "3.0.4",
        "contentHash": "W2HMmjAZ1v27fbyzZtONCdC8Ma/tTr5wLAIr4Iq7T4oKrYaI4occJ5TBhSdK4pltwBJLQBG5DcQMz+/w9X4bbg==",
        "dependencies": {
          "SQLitePCLRaw.provider.e_sqlite3": "3.0.4"
        }
      },
      "SQLitePCLRaw.core": {
        "type": "Transitive",
        "resolved": "3.0.4",
        "contentHash": "cOjxfdjE4zQDvDVDUBfucKGXEaYos4l4l+TVwePJEHp/nl9fkgBz/lIVgfMH5dOyKRmNi6RsptUGtZsvsD7iYQ=="
      },
      "SQLitePCLRaw.provider.e_sqlite3": {
        "type": "Transitive",
        "resolved": "3.0.4",
        "contentHash": "L4uiEKeRSXxppkGE4iSpgBgC5lNvw2zEN/hAaxTecUS1+DhC6UEFhHaakSYYvnFq7x16B7DQcaXgXy0SkhSwnw==",
        "dependencies": {
          "SQLitePCLRaw.core": "3.0.4"
        }
      },
      "System.ComponentModel.Annotations": {
        "type": "Transitive",
        "resolved": "5.0.0",
        "contentHash": "dMkqfy2el8A8/I76n2Hi1oBFEbG1SfxD2l5nhwXV3XjlnOmwxJlQbYpJH4W51odnU9sARCSAgv7S3CyAFMkpYg=="
      },
      "System.ValueTuple": {
        "type": "Transitive",
        "resolved": "4.6.1",
        "contentHash": "+RJT4qaekpZ7DDLhf+LTjq+E48jieKiY9ulJ+BoxKmZblIJfIJT8Ufcaa/clQqnYvWs8jugfGSMu8ylS0caG0w=="
      },
      "pullwatch.core": {
        "type": "Project",
        "dependencies": {
          "Dapper": "[2.1.79, )",
          "FluentMigrator.Runner.SQLite": "[8.0.1, )",
          "Microsoft.Data.Sqlite": "[10.0.9, )",
          "Microsoft.Extensions.DependencyInjection": "[10.0.9, )",
          "Microsoft.Extensions.Logging": "[10.0.0, )",
          "NAudio.Wasapi": "[2.3.0, )",
          "SQLitePCLRaw.bundle_e_sqlite3": "[3.0.4, )"
        }
      }
    },
    "net10.0-windows7.0/win-x64": {
      "SourceGear.sqlite3": {
        "type": "Transitive",
        "resolved": "3.53.3",
        "contentHash": "PaDT7JwQ00HmXZT1xSGSC0c24A5lVpJYHMrXBuJATdpB2t0nf4Kq9HyPaZhxVW0elPq4XI1s5BLh7qLuObmzFA=="
      }
    }
  }
}